
Microsoft Visual Studio Solution File, Format Version 12.00
# Visual Studio Version 17
VisualStudioVersion = 17.5.2.0
MinimumVisualStudioVersion = 10.0.40219.1
Project("{2150E333-8FDC-42A3-9474-1A3956D46DE8}") = "src", "src", "{827E0CD3-B72D-47B6-A68D-7590B98EB39B}"
EndProject
Project("{FAE04EC0-301F-11D3-BF4B-00C04F79EFBC}") = "AgentTools", "src\AgentTools\AgentTools.csproj", "{7ABB7DE3-95BD-0B35-484E-0C10CCB6C297}"
EndProject
Project("{FAE04EC0-301F-11D3-BF4B-00C04F79EFBC}") = "AgentTools.Tests", "src\AgentTools.Tests\AgentTools.Tests.csproj", "{FF37294D-C81D-479B-8201-D808B59EFA35}"
EndProject
Global
	GlobalSection(SolutionConfigurationPlatforms) = preSolution
		Debug|Any CPU = Debug|Any CPU
		Debug|x64 = Debug|x64
		Debug|x86 = Debug|x86
		Release|Any CPU = Release|Any CPU
		Release|x64 = Release|x64
		Release|x86 = Release|x86
	EndGlobalSection
	GlobalSection(ProjectConfigurationPlatforms) = postSolution
		{7ABB7DE3-95BD-0B35-484E-0C10CCB6C297}.Debug|Any CPU.ActiveCfg = Debug|Any CPU
		{7ABB7DE3-95BD-0B35-484E-0C10CCB6C297}.Debug|Any CPU.Build.0 = Debug|Any CPU
		{7ABB7DE3-95BD-0B35-484E-0C10CCB6C297}.Debug|x64.ActiveCfg = Debug|Any CPU
		{7ABB7DE3-95BD-0B35-484E-0C10CCB6C297}.Debug|x64.Build.0 = Debug|Any CPU
		{7ABB7DE3-95BD-0B35-484E-0C10CCB6C297}.Debug|x86.ActiveCfg = Debug|Any CPU
		{7ABB7DE3-95BD-0B35-484E-0C10CCB6C297}.Debug|x86.Build.0 = Debug|Any CPU
		{7ABB7DE3-95BD-0B35-484E-0C10CCB6C297}.Release|Any CPU.ActiveCfg = Release|Any CPU
		{7ABB7DE3-95BD-0B35-484E-0C10CCB6C297}.Release|Any CPU.Build.0 = Release|Any CPU
		{7ABB7DE3-95BD-0B35-484E-0C10CCB6C297}.Release|x64.ActiveCfg = Release|Any CPU
		{7ABB7DE3-95BD-0B35-484E-0C10CCB6C297}.Release|x64.Build.0 = Release|Any CPU
		{7ABB7DE3-95BD-0B35-484E-0C10CCB6C297}.Release|x86.ActiveCfg = Release|Any CPU
		{7ABB7DE3-95BD-0B35-484E-0C10CCB6C297}.Release|x86.Build.0 = Release|Any CPU
		{FF37294D-C81D-479B-8201-D808B59EFA35}.Debug|Any CPU.ActiveCfg = Debug|Any CPU
		{FF37294D-C81D-479B-8201-D808B59EFA35}.Debug|Any CPU.Build.0 = Debug|Any CPU
		{FF37294D-C81D-479B-8201-D808B59EFA35}.Debug|x64.ActiveCfg = Debug|Any CPU
		{FF37294D-C81D-479B-8201-D808B59EFA35}.Debug|x64.Build.0 = Debug|Any CPU
		{FF37294D-C81D-479B-8201-D808B59EFA35}.Debug|x86.ActiveCfg = Debug|Any CPU
		{FF37294D-C81D-479B-8201-D808B59EFA35}.Debug|x86.Build.0 = Debug|Any CPU
		{FF37294D-C81D-479B-8201-D808B59EFA35}.Release|Any CPU.ActiveCfg = Release|Any CPU
		{FF37294D-C81D-479B-8201-D808B59EFA35}.Release|Any CPU.Build.0 = Release|Any CPU
		{FF37294D-C81D-479B-8201-D808B59EFA35}.Release|x64.ActiveCfg = Release|Any CPU
		{FF37294D-C81D-479B-8201-D808B59EFA35}.Release|x64.Build.0 = Release|Any CPU
		{FF37294D-C81D-479B-8201-D808B59EFA35}.Release|x86.ActiveCfg = Release|Any CPU
		{FF37294D-C81D-479B-8201-D808B59EFA35}.Release|x86.Build.0 = Release|Any CPU
	EndGlobalSection
	GlobalSection(SolutionProperties) = preSolution
		HideSolutionNode = FALSE
	EndGlobalSection
	GlobalSection(NestedProjects) = preSolution
		{7ABB7DE3-95BD-0B35-484E-0C10CCB6C297} = {827E0CD3-B72D-47B6-A68D-7590B98EB39B}
		{FF37294D-C81D-479B-8201-D808B59EFA35} = {827E0CD3-B72D-47B6-A68D-7590B98EB39B}
	EndGlobalSection
	GlobalSection(ExtensibilityGlobals) = postSolution
		SolutionGuid = {7479C844-748C-4B46-B863-EECE9FCF9CEB}
	EndGlobalSection
EndGlobal
